// !$*UTF8*$!
{
	archiveVersion = 1;
	classes = {
	};
	objectVersion = 77;
	objects = {

/* Begin PBXContainerItemProxy section */
		2D5256EE2E0BE26E00F3A475 /* PBXContainerItemProxy */ = {
			isa = PBXContainerItemProxy;
			containerPortal = 2D5256D42E0BE26D00F3A475 /* Project object */;
			proxyType = 1;
			remoteGlobalIDString = 2D5256DB2E0BE26D00F3A475;
			remoteInfo = DoCred;
		};
		2D5256F82E0BE26E00F3A475 /* PBXContainerItemProxy */ = {
			isa = PBXContainerItemProxy;
			containerPortal = 2D5256D42E0BE26D00F3A475 /* Project object */;
			proxyType = 1;
			remoteGlobalIDString = 2D5256DB2E0BE26D00F3A475;
			remoteInfo = DoCred;
		};
/* End PBXContainerItemProxy section */

/* Begin PBXFileReference section */
		2D5256DC2E0BE26D00F3A475 /* DoCred.app */ = {isa = PBXFileReference; explicitFileType = wrapper.application; includeInIndex = 0; path = DoCred.app; sourceTree = BUILT_PRODUCTS_DIR; };
		2D5256ED2E0BE26E00F3A475 /* DoCredTests.xctest */ = {isa = PBXFileReference; explicitFileType = wrapper.cfbundle; includeInIndex = 0; path = DoCredTests.xctest; sourceTree = BUILT_PRODUCTS_DIR; };
		2D5256F72E0BE26E00F3A475 /* DoCredUITests.xctest */ = {isa = PBXFileReference; explicitFileType = wrapper.cfbundle; includeInIndex = 0; path = DoCredUITests.xctest; sourceTree = BUILT_PRODUCTS_DIR; };
/* End PBXFileReference section */

/* Begin PBXFileSystemSynchronizedBuildFileExceptionSet section */
		2D5256FF2E0BE26E00F3A475 /* Exceptions for "DoCred" folder in "DoCred" target */ = {
			isa = PBXFileSystemSynchronizedBuildFileExceptionSet;
			membershipExceptions = (
				Info.plist,
			);
			target = 2D5256DB2E0BE26D00F3A475 /* DoCred */;
		};
/* End PBXFileSystemSynchronizedBuildFileExceptionSet section */

/* Begin PBXFileSystemSynchronizedRootGroup section */
		2D5256DE2E0BE26D00F3A475 /* DoCred */ = {
			isa = PBXFileSystemSynchronizedRootGroup;
			exceptions = (
				2D5256FF2E0BE26E00F3A475 /* Exceptions for "DoCred" folder in "DoCred" target */,
			);
			path = DoCred;
			sourceTree = "<group>";
		};
		2D5256F02E0BE26E00F3A475 /* DoCredTests */ = {
			isa = PBXFileSystemSynchronizedRootGroup;
			path = DoCredTests;
			sourceTree = "<group>";
		};
		2D5256FA2E0BE26E00F3A475 /* DoCredUITests */ = {
			isa = PBXFileSystemSynchronizedRootGroup;
			path = DoCredUITests;
			sourceTree = "<group>";
		};
/* End PBXFileSystemSynchronizedRootGroup section */

/* Begin PBXFrameworksBuildPhase section */
		2D5256D92E0BE26D00F3A475 /* Frameworks */ = {
			isa = PBXFrameworksBuildPhase;
			buildActionMask = 2147483647;
			files = (
			);
			runOnlyForDeploymentPostprocessing = 0;
		};
		2D5256EA2E0BE26E00F3A475 /* Frameworks */ = {
			isa = PBXFrameworksBuildPhase;
			buildActionMask = 2147483647;
			files = (
			);
			runOnlyForDeploymentPostprocessing = 0;
		};
		2D5256F42E0BE26E00F3A475 /* Frameworks */ = {
			isa = PBXFrameworksBuildPhase;
			buildActionMask = 2147483647;
			files = (
			);
			runOnlyForDeploymentPostprocessing = 0;
		};
/* End PBXFrameworksBuildPhase section */

/* Begin PBXGroup section */
		2D5256D32E0BE26D00F3A475 = {
			isa = PBXGroup;
			children = (
				2D5256DE2E0BE26D00F3A475 /* DoCred */,
				2D5256F02E0BE26E00F3A475 /* DoCredTests */,
				2D5256FA2E0BE26E00F3A475 /* DoCredUITests */,
				2DA71AA72E0D2B9D006E312F /* Frameworks */,
				2D5256DD2E0BE26D00F3A475 /* Products */,
			);
			sourceTree = "<group>";
		};
		2D5256DD2E0BE26D00F3A475 /* Products */ = {
			isa = PBXGroup;
			children = (
				2D5256DC2E0BE26D00F3A475 /* DoCred.app */,
				2D5256ED2E0BE26E00F3A475 /* DoCredTests.xctest */,
				2D5256F72E0BE26E00F3A475 /* DoCredUITests.xctest */,
			);
			name = Products;
			sourceTree = "<group>";
		};
		2DA71AA72E0D2B9D006E312F /* Frameworks */ = {
			isa = PBXGroup;
			children = (
			);
			name = Frameworks;
			sourceTree = "<group>";
		};
/* End PBXGroup section */

/* Begin PBXNativeTarget section */
		2D5256DB2E0BE26D00F3A475 /* DoCred */ = {
			isa = PBXNativeTarget;
			buildConfigurationList = 2D5257002E0BE26E00F3A475 /* Build configuration list for PBXNativeTarget "DoCred" */;
			buildPhases = (
				2D5256D82E0BE26D00F3A475 /* Sources */,
				2D5256D92E0BE26D00F3A475 /* Frameworks */,
				2D5256DA2E0BE26D00F3A475 /* Resources */,
			);
			buildRules = (
			);
			dependencies = (
			);
			fileSystemSynchronizedGroups = (
				2D5256DE2E0BE26D00F3A475 /* DoCred */,
			);
			name = DoCred;
			packageProductDependencies = (
			);
			productName = DoCred;
			productReference = 2D5256DC2E0BE26D00F3A475 /* DoCred.app */;
			productType = "com.apple.product-type.application";
		};
		2D5256EC2E0BE26E00F3A475 /* DoCredTests */ = {
			isa = PBXNativeTarget;
			buildConfigurationList = 2D5257052E0BE26E00F3A475 /* Build configuration list for PBXNativeTarget "DoCredTests" */;
			buildPhases = (
				2D5256E92E0BE26E00F3A475 /* Sources */,
				2D5256EA2E0BE26E00F3A475 /* Frameworks */,
				2D5256EB2E0BE26E00F3A475 /* Resources */,
			);
			buildRules = (
			);
			dependencies = (
				2D5256EF2E0BE26E00F3A475 /* PBXTargetDependency */,
			);
			fileSystemSynchronizedGroups = (
				2D5256F02E0BE26E00F3A475 /* DoCredTests */,
			);
			name = DoCredTests;
			packageProductDependencies = (
			);
			productName = DoCredTests;
			productReference = 2D5256ED2E0BE26E00F3A475 /* DoCredTests.xctest */;
			productType = "com.apple.product-type.bundle.unit-test";
		};
		2D5256F62E0BE26E00F3A475 /* DoCredUITests */ = {
			isa = PBXNativeTarget;
			buildConfigurationList = 2D5257082E0BE26E00F3A475 /* Build configuration list for PBXNativeTarget "DoCredUITests" */;
			buildPhases = (
				2D5256F32E0BE26E00F3A475 /* Sources */,
				2D5256F42E0BE26E00F3A475 /* Frameworks */,
				2D5256F52E0BE26E00F3A475 /* Resources */,
			);
			buildRules = (
			);
			dependencies = (
				2D5256F92E0BE26E00F3A475 /* PBXTargetDependency */,
			);
			fileSystemSynchronizedGroups = (
				2D5256FA2E0BE26E00F3A475 /* DoCredUITests */,
			);
			name = DoCredUITests;
			packageProductDependencies = (
			);
			productName = DoCredUITests;
			productReference = 2D5256F72E0BE26E00F3A475 /* DoCredUITests.xctest */;
			productType = "com.apple.product-type.bundle.ui-testing";
		};
/* End PBXNativeTarget section */

/* Begin PBXProject section */
		2D5256D42E0BE26D00F3A475 /* Project object */ = {
			isa = PBXProject;
			attributes = {
				BuildIndependentTargetsInParallel = 1;
				LastSwiftUpdateCheck = 1640;
				LastUpgradeCheck = 1640;
				TargetAttributes = {
					2D5256DB2E0BE26D00F3A475 = {
						CreatedOnToolsVersion = 16.4;
					};
					2D5256EC2E0BE26E00F3A475 = {
						CreatedOnToolsVersion = 16.4;
						TestTargetID = 2D5256DB2E0BE26D00F3A475;
					};
					2D5256F62E0BE26E00F3A475 = {
						CreatedOnToolsVersion = 16.4;
						TestTargetID = 2D5256DB2E0BE26D00F3A475;
					};
				};
			};
			buildConfigurationList = 2D5256D72E0BE26D00F3A475 /* Build configuration list for PBXProject "DoCred" */;
			developmentRegion = en;
			hasScannedForEncodings = 0;
			knownRegions = (
				en,
				Base,
			);
			mainGroup = 2D5256D32E0BE26D00F3A475;
			minimizedProjectReferenceProxies = 1;
			packageReferences = (
			);
			preferredProjectObjectVersion = 77;
			productRefGroup = 2D5256DD2E0BE26D00F3A475 /* Products */;
			projectDirPath = "";
			projectRoot = "";
			targets = (
				2D5256DB2E0BE26D00F3A475 /* DoCred */,
				2D5256EC2E0BE26E00F3A475 /* DoCredTests */,
				2D5256F62E0BE26E00F3A475 /* DoCredUITests */,
			);
		};
/* End PBXProject section */

/* Begin PBXResourcesBuildPhase section */
		2D5256DA2E0BE26D00F3A475 /* Resources */ = {
			isa = PBXResourcesBuildPhase;
			buildActionMask = 2147483647;
			files = (
			);
			runOnlyForDeploymentPostprocessing = 0;
		};
		2D5256EB2E0BE26E00F3A475 /* Resources */ = {
			isa = PBXResourcesBuildPhase;
			buildActionMask = 2147483647;
			files = (
			);
			runOnlyForDeploymentPostprocessing = 0;
		};
		2D5256F52E0BE26E00F3A475 /* Resources */ = {
			isa = PBXResourcesBuildPhase;
			buildActionMask = 2147483647;
			files = (
			);
			runOnlyForDeploymentPostprocessing = 0;
		};
/* End PBXResourcesBuildPhase section */

/* Begin PBXSourcesBuildPhase section */
		2D5256D82E0BE26D00F3A475 /* Sources */ = {
			isa = PBXSourcesBuildPhase;
			buildActionMask = 2147483647;
			files = (
			);
			runOnlyForDeploymentPostprocessing = 0;
		};
		2D5256E92E0BE26E00F3A475 /* Sources */ = {
			isa = PBXSourcesBuildPhase;
			buildActionMask = 2147483647;
			files = (
			);
			runOnlyForDeploymentPostprocessing = 0;
		};
		2D5256F32E0BE26E00F3A475 /* Sources */ = {
			isa = PBXSourcesBuildPhase;
			buildActionMask = 2147483647;
			files = (
			);
			runOnlyForDeploymentPostprocessing = 0;
		};
/* End PBXSourcesBuildPhase section */

/* Begin PBXTargetDependency section */
		2D5256EF2E0BE26E00F3A475 /* PBXTargetDependency */ = {
			isa = PBXTargetDependency;
			target = 2D5256DB2E0BE26D00F3A475 /* DoCred */;
			targetProxy = 2D5256EE2E0BE26E00F3A475 /* PBXContainerItemProxy */;
		};
		2D5256F92E0BE26E00F3A475 /* PBXTargetDependency */ = {
			isa = PBXTargetDependency;
			target = 2D5256DB2E0BE26D00F3A475 /* DoCred */;
			targetProxy = 2D5256F82E0BE26E00F3A475 /* PBXContainerItemProxy */;
		};
/* End PBXTargetDependency section */

/* Begin XCBuildConfiguration section */
		2D5257012E0BE26E00F3A475 /* Debug */ = {
			isa = XCBuildConfiguration;
			buildSettings = {
				ASSETCATALOG_COMPILER_APPICON_NAME = AppIcon;
				ASSETCATALOG_COMPILER_GLOBAL_ACCENT_COLOR_NAME = AccentColor;
				CODE_SIGN_ENTITLEMENTS = DoCred/DoCred.entitlements;
				CODE_SIGN_STYLE = Automatic;
				CURRENT_PROJECT_VERSION = 1;
				DEVELOPMENT_TEAM = GM2R7NT7QM;
				ENABLE_PREVIEWS = YES;
				GENERATE_INFOPLIST_FILE = YES;
				INFOPLIST_FILE = DoCred/Info.plist;
				INFOPLIST_KEY_UIApplicationSceneManifest_Generation = YES;
				INFOPLIST_KEY_UIApplicationSupportsIndirectInputEvents = YES;
				INFOPLIST_KEY_UILaunchScreen_Generation = YES;
				INFOPLIST_KEY_UISupportedInterfaceOrientations_iPad = "UIInterfaceOrientationPortrait UIInterfaceOrientationPortraitUpsideDown UIInterfaceOrientationLandscapeLeft UIInterfaceOrientationLandscapeRight";
				INFOPLIST_KEY_UISupportedInterfaceOrientations_iPhone = "UIInterfaceOrientationPortrait UIInterfaceOrientationLandscapeLeft UIInterfaceOrientationLandscapeRight";
				LD_RUNPATH_SEARCH_PATHS = (
					"$(inherited)",
					"@executable_path/Frameworks",
				);
				MARKETING_VERSION = 1.0;
				PRODUCT_BUNDLE_IDENTIFIER = Aditya.DoCred;
				PRODUCT_NAME = "$(TARGET_NAME)";
				SWIFT_EMIT_LOC_STRINGS = YES;
				SWIFT_VERSION = 5.0;
				TARGETED_DEVICE_FAMILY = "1,2";
			};
			name = Debug;
		};
		2D5257022E0BE26E00F3A475 /* Release */ = {
			isa = XCBuildConfiguration;
			buildSettings = {
				ASSETCATALOG_COMPILER_APPICON_NAME = AppIcon;
				ASSETCATALOG_COMPILER_GLOBAL_ACCENT_COLOR_NAME = AccentColor;
				CODE_SIGN_ENTITLEMENTS = DoCred/DoCred.entitlements;
				CODE_SIGN_STYLE = Automatic;
				CURRENT_PROJECT_VERSION = 1;
				DEVELOPMENT_TEAM = GM2R7NT7QM;
				ENABLE_PREVIEWS = YES;
				GENERATE_INFOPLIST_FILE = YES;
				INFOPLIST_FILE = DoCred/Info.plist;
				INFOPLIST_KEY_UIApplicationSceneManifest_Generation = YES;
				INFOPLIST_KEY_UIApplicationSupportsIndirectInputEvents = YES;
				INFOPLIST_KEY_UILaunchScreen_Generation = YES;
				INFOPLIST_KEY_UISupportedInterfaceOrientations_iPad = "UIInterfaceOrientationPortrait UIInterfaceOrientationPortraitUpsideDown UIInterfaceOrientationLandscapeLeft UIInterfaceOrientationLandscapeRight";
				INFOPLIST_KEY_UISupportedInterfaceOrientations_iPhone = "UIInterfaceOrientationPortrait UIInterfaceOrientationLandscapeLeft UIInterfaceOrientationLandscapeRight";
				LD_RUNPATH_SEARCH_PATHS = (
					"$(inherited)",
					"@executable_path/Frameworks",
				);
				MARKETING_VERSION = 1.0;
				PRODUCT_BUNDLE_IDENTIFIER = Aditya.DoCred;
				PRODUCT_NAME = "$(TARGET_NAME)";
				SWIFT_EMIT_LOC_STRINGS = YES;
				SWIFT_VERSION = 5.0;
				TARGETED_DEVICE_FAMILY = "1,2";
			};
			name = Release;
		};
		2D5257032E0BE26E00F3A475 /* Debug */ = {
			isa = XCBuildConfiguration;
			buildSettings = {
				ALWAYS_SEARCH_USER_PATHS = NO;
				ASSETCATALOG_COMPILER_GENERATE_SWIFT_ASSET_SYMBOL_EXTENSIONS = YES;
				CLANG_ANALYZER_NONNULL = YES;
				CLANG_ANALYZER_NUMBER_OBJECT_CONVERSION = YES_AGGRESSIVE;
				CLANG_CXX_LANGUAGE_STANDARD = "gnu++20";
				CLANG_ENABLE_MODULES = YES;
				CLANG_ENABLE_OBJC_ARC = YES;
				CLANG_ENABLE_OBJC_WEAK = YES;
				CLANG_WARN_BLOCK_CAPTURE_AUTORELEASING = YES;
				CLANG_WARN_BOOL_CONVERSION = YES;
				CLANG_WARN_COMMA = YES;
				CLANG_WARN_CONSTANT_CONVERSION = YES;
				CLANG_WARN_DEPRECATED_OBJC_IMPLEMENTATIONS = YES;
				CLANG_WARN_DIRECT_OBJC_ISA_USAGE = YES_ERROR;
				CLANG_WARN_DOCUMENTATION_COMMENTS = YES;
				CLANG_WARN_EMPTY_BODY = YES;
				CLANG_WARN_ENUM_CONVERSION = YES;
				CLANG_WARN_INFINITE_RECURSION = YES;
				CLANG_WARN_INT_CONVERSION = YES;
				CLANG_WARN_NON_LITERAL_NULL_CONVERSION = YES;
				CLANG_WARN_OBJC_IMPLICIT_RETAIN_SELF = YES;
				CLANG_WARN_OBJC_LITERAL_CONVERSION = YES;
				CLANG_WARN_OBJC_ROOT_CLASS = YES_ERROR;
				CLANG_WARN_QUOTED_INCLUDE_IN_FRAMEWORK_HEADER = YES;
				CLANG_WARN_RANGE_LOOP_ANALYSIS = YES;
				CLANG_WARN_STRICT_PROTOTYPES = YES;
				CLANG_WARN_SUSPICIOUS_MOVE = YES;
				CLANG_WARN_UNGUARDED_AVAILABILITY = YES_AGGRESSIVE;
				CLANG_WARN_UNREACHABLE_CODE = YES;
				CLANG_WARN__DUPLICATE_METHOD_MATCH = YES;
				COPY_PHASE_STRIP = NO;
				DEBUG_INFORMATION_FORMAT = dwarf;
				DEVELOPMENT_TEAM = GM2R7NT7QM;
				ENABLE_STRICT_OBJC_MSGSEND = YES;
				ENABLE_TESTABILITY = YES;
				ENABLE_USER_SCRIPT_SANDBOXING = YES;
				GCC_C_LANGUAGE_STANDARD = gnu17;
				GCC_DYNAMIC_NO_PIC = NO;
				GCC_NO_COMMON_BLOCKS = YES;
				GCC_OPTIMIZATION_LEVEL = 0;
				GCC_PREPROCESSOR_DEFINITIONS = (
					"DEBUG=1",
					"$(inherited)",
				);
				GCC_WARN_64_TO_32_BIT_CONVERSION = YES;
				GCC_WARN_ABOUT_RETURN_TYPE = YES_ERROR;
				GCC_WARN_UNDECLARED_SELECTOR = YES;
				GCC_WARN_UNINITIALIZED_AUTOS = YES_AGGRESSIVE;
				GCC_WARN_UNUSED_FUNCTION = YES;
				GCC_WARN_UNUSED_VARIABLE = YES;
				IPHONEOS_DEPLOYMENT_TARGET = 18.5;
				LOCALIZATION_PREFERS_STRING_CATALOGS = YES;
				MTL_ENABLE_DEBUG_INFO = INCLUDE_SOURCE;
				MTL_FAST_MATH = YES;
				ONLY_ACTIVE_ARCH = YES;
				SDKROOT = iphoneos;
				SWIFT_ACTIVE_COMPILATION_CONDITIONS = "DEBUG $(inherited)";
				SWIFT_OPTIMIZATION_LEVEL = "-Onone";
			};
			name = Debug;
		};
		2D5257042E0BE26E00F3A475 /* Release */ = {
			isa = XCBuildConfiguration;
			buildSettings = {
				ALWAYS_SEARCH_USER_PATHS = NO;
				ASSETCATALOG_COMPILER_GENERATE_SWIFT_ASSET_SYMBOL_EXTENSIONS = YES;
				CLANG_ANALYZER_NONNULL = YES;
				CLANG_ANALYZER_NUMBER_OBJECT_CONVERSION = YES_AGGRESSIVE;
				CLANG_CXX_LANGUAGE_STANDARD = "gnu++20";
				CLANG_ENABLE_MODULES = YES;
				CLANG_ENABLE_OBJC_ARC = YES;
				CLANG_ENABLE_OBJC_WEAK = YES;
				CLANG_WARN_BLOCK_CAPTURE_AUTORELEASING = YES;
				CLANG_WARN_BOOL_CONVERSION = YES;
				CLANG_WARN_COMMA = YES;
				CLANG_WARN_CONSTANT_CONVERSION = YES;
				CLANG_WARN_DEPRECATED_OBJC_IMPLEMENTATIONS = YES;
				CLANG_WARN_DIRECT_OBJC_ISA_USAGE = YES_ERROR;
				CLANG_WARN_DOCUMENTATION_COMMENTS = YES;
				CLANG_WARN_EMPTY_BODY = YES;
				CLANG_WARN_ENUM_CONVERSION = YES;
				CLANG_WARN_INFINITE_RECURSION = YES;
				CLANG_WARN_INT_CONVERSION = YES;
				CLANG_WARN_NON_LITERAL_NULL_CONVERSION = YES;
				CLANG_WARN_OBJC_IMPLICIT_RETAIN_SELF = YES;
				CLANG_WARN_OBJC_LITERAL_CONVERSION = YES;
				CLANG_WARN_OBJC_ROOT_CLASS = YES_ERROR;
				CLANG_WARN_QUOTED_INCLUDE_IN_FRAMEWORK_HEADER = YES;
				CLANG_WARN_RANGE_LOOP_ANALYSIS = YES;
				CLANG_WARN_STRICT_PROTOTYPES = YES;
				CLANG_WARN_SUSPICIOUS_MOVE = YES;
				CLANG_WARN_UNGUARDED_AVAILABILITY = YES_AGGRESSIVE;
				CLANG_WARN_UNREACHABLE_CODE = YES;
				CLANG_WARN__DUPLICATE_METHOD_MATCH = YES;
				COPY_PHASE_STRIP = NO;
				DEBUG_INFORMATION_FORMAT = "dwarf-with-dsym";
				DEVELOPMENT_TEAM = GM2R7NT7QM;
				ENABLE_NS_ASSERTIONS = NO;
				ENABLE_STRICT_OBJC_MSGSEND = YES;
				ENABLE_USER_SCRIPT_SANDBOXING = YES;
				GCC_C_LANGUAGE_STANDARD = gnu17;
				GCC_NO_COMMON_BLOCKS = YES;
				GCC_WARN_64_TO_32_BIT_CONVERSION = YES;
				GCC_WARN_ABOUT_RETURN_TYPE = YES_ERROR;
				GCC_WARN_UNDECLARED_SELECTOR = YES;
				GCC_WARN_UNINITIALIZED_AUTOS = YES_AGGRESSIVE;
				GCC_WARN_UNUSED_FUNCTION = YES;
				GCC_WARN_UNUSED_VARIABLE = YES;
				IPHONEOS_DEPLOYMENT_TARGET = 18.5;
				LOCALIZATION_PREFERS_STRING_CATALOGS = YES;
				MTL_ENABLE_DEBUG_INFO = NO;
				MTL_FAST_MATH = YES;
				SDKROOT = iphoneos;
				SWIFT_COMPILATION_MODE = wholemodule;
				VALIDATE_PRODUCT = YES;
			};
			name = Release;
		};
		2D5257062E0BE26E00F3A475 /* Debug */ = {
			isa = XCBuildConfiguration;
			buildSettings = {
				BUNDLE_LOADER = "$(TEST_HOST)";
				CODE_SIGN_STYLE = Automatic;
				CURRENT_PROJECT_VERSION = 1;
				DEVELOPMENT_TEAM = GM2R7NT7QM;
				GENERATE_INFOPLIST_FILE = YES;
				IPHONEOS_DEPLOYMENT_TARGET = 18.5;
				MARKETING_VERSION = 1.0;
				PRODUCT_BUNDLE_IDENTIFIER = Aditya.DoCredTests;
				PRODUCT_NAME = "$(TARGET_NAME)";
				SWIFT_EMIT_LOC_STRINGS = NO;
				SWIFT_VERSION = 5.0;
				TARGETED_DEVICE_FAMILY = "1,2";
				TEST_HOST = "$(BUILT_PRODUCTS_DIR)/DoCred.app/$(BUNDLE_EXECUTABLE_FOLDER_PATH)/DoCred";
			};
			name = Debug;
		};
		2D5257072E0BE26E00F3A475 /* Release */ = {
			isa = XCBuildConfiguration;
			buildSettings = {
				BUNDLE_LOADER = "$(TEST_HOST)";
				CODE_SIGN_STYLE = Automatic;
				CURRENT_PROJECT_VERSION = 1;
				DEVELOPMENT_TEAM = GM2R7NT7QM;
				GENERATE_INFOPLIST_FILE = YES;
				IPHONEOS_DEPLOYMENT_TARGET = 18.5;
				MARKETING_VERSION = 1.0;
				PRODUCT_BUNDLE_IDENTIFIER = Aditya.DoCredTests;
				PRODUCT_NAME = "$(TARGET_NAME)";
				SWIFT_EMIT_LOC_STRINGS = NO;
				SWIFT_VERSION = 5.0;
				TARGETED_DEVICE_FAMILY = "1,2";
				TEST_HOST = "$(BUILT_PRODUCTS_DIR)/DoCred.app/$(BUNDLE_EXECUTABLE_FOLDER_PATH)/DoCred";
			};
			name = Release;
		};
		2D5257092E0BE26E00F3A475 /* Debug */ = {
			isa = XCBuildConfiguration;
			buildSettings = {
				CODE_SIGN_STYLE = Automatic;
				CURRENT_PROJECT_VERSION = 1;
				DEVELOPMENT_TEAM = GM2R7NT7QM;
				GENERATE_INFOPLIST_FILE = YES;
				MARKETING_VERSION = 1.0;
				PRODUCT_BUNDLE_IDENTIFIER = Aditya.DoCredUITests;
				PRODUCT_NAME = "$(TARGET_NAME)";
				SWIFT_EMIT_LOC_STRINGS = NO;
				SWIFT_VERSION = 5.0;
				TARGETED_DEVICE_FAMILY = "1,2";
				TEST_TARGET_NAME = DoCred;
			};
			name = Debug;
		};
		2D52570A2E0BE26E00F3A475 /* Release */ = {
			isa = XCBuildConfiguration;
			buildSettings = {
				CODE_SIGN_STYLE = Automatic;
				CURRENT_PROJECT_VERSION = 1;
				DEVELOPMENT_TEAM = GM2R7NT7QM;
				GENERATE_INFOPLIST_FILE = YES;
				MARKETING_VERSION = 1.0;
				PRODUCT_BUNDLE_IDENTIFIER = Aditya.DoCredUITests;
				PRODUCT_NAME = "$(TARGET_NAME)";
				SWIFT_EMIT_LOC_STRINGS = NO;
				SWIFT_VERSION = 5.0;
				TARGETED_DEVICE_FAMILY = "1,2";
				TEST_TARGET_NAME = DoCred;
			};
			name = Release;
		};
/* End XCBuildConfiguration section */

/* Begin XCConfigurationList section */
		2D5256D72E0BE26D00F3A475 /* Build configuration list for PBXProject "DoCred" */ = {
			isa = XCConfigurationList;
			buildConfigurations = (
				2D5257032E0BE26E00F3A475 /* Debug */,
				2D5257042E0BE26E00F3A475 /* Release */,
			);
			defaultConfigurationIsVisible = 0;
			defaultConfigurationName = Release;
		};
		2D5257002E0BE26E00F3A475 /* Build configuration list for PBXNativeTarget "DoCred" */ = {
			isa = XCConfigurationList;
			buildConfigurations = (
				2D5257012E0BE26E00F3A475 /* Debug */,
				2D5257022E0BE26E00F3A475 /* Release */,
			);
			defaultConfigurationIsVisible = 0;
			defaultConfigurationName = Release;
		};
		2D5257052E0BE26E00F3A475 /* Build configuration list for PBXNativeTarget "DoCredTests" */ = {
			isa = XCConfigurationList;
			buildConfigurations = (
				2D5257062E0BE26E00F3A475 /* Debug */,
				2D5257072E0BE26E00F3A475 /* Release */,
			);
			defaultConfigurationIsVisible = 0;
			defaultConfigurationName = Release;
		};
		2D5257082E0BE26E00F3A475 /* Build configuration list for PBXNativeTarget "DoCredUITests" */ = {
			isa = XCConfigurationList;
			buildConfigurations = (
				2D5257092E0BE26E00F3A475 /* Debug */,
				2D52570A2E0BE26E00F3A475 /* Release */,
			);
			defaultConfigurationIsVisible = 0;
			defaultConfigurationName = Release;
		};
/* End XCConfigurationList section */
	};
	rootObject = 2D5256D42E0BE26D00F3A475 /* Project object */;
}
